
Microsoft Visual Studio Solution File, Format Version 12.00
# Visual Studio Version 17
VisualStudioVersion = 17.3.32901.215
MinimumVisualStudioVersion = 10.0.40219.1
Project("{9A19103F-16F7-4668-BE54-9A1E7A4F7556}") = "BEAgenda", "BEAgenda.csproj", "{34C2CDB0-A216-4DEB-B75F-DDCED2FCDB11}"
EndProject
Global
	GlobalSection(SolutionConfigurationPlatforms) = preSolution
		Debug|Any CPU = Debug|Any CPU
		Release|Any CPU = Release|Any CPU
	EndGlobalSection
	GlobalSection(ProjectConfigurationPlatforms) = postSolution
		{34C2CDB0-A216-4DEB-B75F-DDCED2FCDB11}.Debug|Any CPU.ActiveCfg = Debug|Any CPU
		{34C2CDB0-A216-4DEB-B75F-DDCED2FCDB11}.Debug|Any CPU.Build.0 = Debug|Any CPU
		{34C2CDB0-A216-4DEB-B75F-DDCED2FCDB11}.Release|Any CPU.ActiveCfg = Release|Any CPU
		{34C2CDB0-A216-4DEB-B75F-DDCED2FCDB11}.Release|Any CPU.Build.0 = Release|Any CPU
	EndGlobalSection
	GlobalSection(SolutionProperties) = preSolution
		HideSolutionNode = FALSE
	EndGlobalSection
	GlobalSection(ExtensibilityGlobals) = postSolution
		SolutionGuid = {FDD7F814-E942-44C5-87F7-CA000D103612}
	EndGlobalSection
EndGlobal
